
Microsoft Visual Studio Solution File, Format Version 12.00
# Visual Studio Version 17
VisualStudioVersion = 17.14.36221.1 d17.14
MinimumVisualStudioVersion = 10.0.40219.1
Project("{FAE04EC0-301F-11D3-BF4B-00C04F79EFBC}") = "CSharp-To-Generated-Arduino", "CSharp-To-Generated-Arduino\CSharp-To-Generated-Arduino.csproj", "{52BFC10B-1105-45CA-8E11-0831AB5DD605}"
EndProject
Global
	GlobalSection(SolutionConfigurationPlatforms) = preSolution
		Debug|Any CPU = Debug|Any CPU
		Release|Any CPU = Release|Any CPU
	EndGlobalSection
	GlobalSection(ProjectConfigurationPlatforms) = postSolution
		{52BFC10B-1105-45CA-8E11-0831AB5DD605}.Debug|Any CPU.ActiveCfg = Debug|Any CPU
		{52BFC10B-1105-45CA-8E11-0831AB5DD605}.Debug|Any CPU.Build.0 = Debug|Any CPU
		{52BFC10B-1105-45CA-8E11-0831AB5DD605}.Release|Any CPU.ActiveCfg = Release|Any CPU
		{52BFC10B-1105-45CA-8E11-0831AB5DD605}.Release|Any CPU.Build.0 = Release|Any CPU
	EndGlobalSection
	GlobalSection(SolutionProperties) = preSolution
		HideSolutionNode = FALSE
	EndGlobalSection
	GlobalSection(ExtensibilityGlobals) = postSolution
		SolutionGuid = {0D2D8528-A0B0-48D3-A5E1-798CBF58FAB7}
	EndGlobalSection
EndGlobal
