
Microsoft Visual Studio Solution File, Format Version 12.00
# Visual Studio Version 17
VisualStudioVersion = 17.14.36301.6
MinimumVisualStudioVersion = 10.0.40219.1
Project("{FAE04EC0-301F-11D3-BF4B-00C04F79EFBC}") = "GUI-AD9959-16Levels", "GUI-AD9959-16Levels.csproj", "{1BF6ADE8-9178-4A07-9B81-562955BEECEA}"
EndProject
Global
	GlobalSection(SolutionConfigurationPlatforms) = preSolution
		Debug|Any CPU = Debug|Any CPU
		Release|Any CPU = Release|Any CPU
	EndGlobalSection
	GlobalSection(ProjectConfigurationPlatforms) = postSolution
		{1BF6ADE8-9178-4A07-9B81-562955BEECEA}.Debug|Any CPU.ActiveCfg = Debug|Any CPU
		{1BF6ADE8-9178-4A07-9B81-562955BEECEA}.Debug|Any CPU.Build.0 = Debug|Any CPU
		{1BF6ADE8-9178-4A07-9B81-562955BEECEA}.Release|Any CPU.ActiveCfg = Release|Any CPU
		{1BF6ADE8-9178-4A07-9B81-562955BEECEA}.Release|Any CPU.Build.0 = Release|Any CPU
	EndGlobalSection
	GlobalSection(SolutionProperties) = preSolution
		HideSolutionNode = FALSE
	EndGlobalSection
	GlobalSection(ExtensibilityGlobals) = postSolution
		SolutionGuid = {A3E785C3-12AF-4E85-80FD-0EACBAA4F042}
	EndGlobalSection
EndGlobal
