
Microsoft Visual Studio Solution File, Format Version 12.00
# Visual Studio Version 17
VisualStudioVersion = 17.14.36221.1 d17.14
MinimumVisualStudioVersion = 10.0.40219.1
Project("{FAE04EC0-301F-11D3-BF4B-00C04F79EFBC}") = "CSharp-To-CLI-Arduino", "CSharp-To-CLI-Arduino\CSharp-To-CLI-Arduino.csproj", "{9B7514FE-DCE5-4AAF-86E9-3CC2F3DBE9C8}"
EndProject
Global
	GlobalSection(SolutionConfigurationPlatforms) = preSolution
		Debug|Any CPU = Debug|Any CPU
		Release|Any CPU = Release|Any CPU
	EndGlobalSection
	GlobalSection(ProjectConfigurationPlatforms) = postSolution
		{9B7514FE-DCE5-4AAF-86E9-3CC2F3DBE9C8}.Debug|Any CPU.ActiveCfg = Debug|Any CPU
		{9B7514FE-DCE5-4AAF-86E9-3CC2F3DBE9C8}.Debug|Any CPU.Build.0 = Debug|Any CPU
		{9B7514FE-DCE5-4AAF-86E9-3CC2F3DBE9C8}.Release|Any CPU.ActiveCfg = Release|Any CPU
		{9B7514FE-DCE5-4AAF-86E9-3CC2F3DBE9C8}.Release|Any CPU.Build.0 = Release|Any CPU
	EndGlobalSection
	GlobalSection(SolutionProperties) = preSolution
		HideSolutionNode = FALSE
	EndGlobalSection
	GlobalSection(ExtensibilityGlobals) = postSolution
		SolutionGuid = {7F1E8EE7-07FE-443D-8DF2-0842D0350DE7}
	EndGlobalSection
EndGlobal
